
Microsoft Visual Studio Solution File, Format Version 12.00
# Visual Studio 15
VisualStudioVersion = 15.0.28307.168
MinimumVisualStudioVersion = 10.0.40219.1
Project("{FAE04EC0-301F-11D3-BF4B-00C04F79EFBC}") = "TwitchChatSharp", "TwitchChatSharp\TwitchChatSharp.csproj", "{31EED20F-8D47-44D8-A223-7D177CB417F6}"
EndProject
Global
	GlobalSection(SolutionConfigurationPlatforms) = preSolution
		Debug|Any CPU = Debug|Any CPU
		Release|Any CPU = Release|Any CPU
	EndGlobalSection
	GlobalSection(ProjectConfigurationPlatforms) = postSolution
		{31EED20F-8D47-44D8-A223-7D177CB417F6}.Debug|Any CPU.ActiveCfg = Debug|Any CPU
		{31EED20F-8D47-44D8-A223-7D177CB417F6}.Debug|Any CPU.Build.0 = Debug|Any CPU
		{31EED20F-8D47-44D8-A223-7D177CB417F6}.Release|Any CPU.ActiveCfg = Release|Any CPU
		{31EED20F-8D47-44D8-A223-7D177CB417F6}.Release|Any CPU.Build.0 = Release|Any CPU
	EndGlobalSection
	GlobalSection(SolutionProperties) = preSolution
		HideSolutionNode = FALSE
	EndGlobalSection
	GlobalSection(ExtensibilityGlobals) = postSolution
		SolutionGuid = {29C687B3-DEA1-4160-9EB9-0042DA99AAFC}
	EndGlobalSection
EndGlobal
