
Microsoft Visual Studio Solution File, Format Version 12.00
# Visual Studio 15
VisualStudioVersion = 15.0.28307.168
MinimumVisualStudioVersion = 10.0.40219.1
Project("{FAE04EC0-301F-11D3-BF4B-00C04F79EFBC}") = "MinimalisticExample", "MinimalisticExample.csproj", "{782B7BDC-0BB0-42EB-8D5F-8DB0F0D4640A}"
EndProject
Global
	GlobalSection(SolutionConfigurationPlatforms) = preSolution
		Debug|Any CPU = Debug|Any CPU
		Release|Any CPU = Release|Any CPU
	EndGlobalSection
	GlobalSection(ProjectConfigurationPlatforms) = postSolution
		{782B7BDC-0BB0-42EB-8D5F-8DB0F0D4640A}.Debug|Any CPU.ActiveCfg = Debug|Any CPU
		{782B7BDC-0BB0-42EB-8D5F-8DB0F0D4640A}.Debug|Any CPU.Build.0 = Debug|Any CPU
		{782B7BDC-0BB0-42EB-8D5F-8DB0F0D4640A}.Release|Any CPU.ActiveCfg = Release|Any CPU
		{782B7BDC-0BB0-42EB-8D5F-8DB0F0D4640A}.Release|Any CPU.Build.0 = Release|Any CPU
	EndGlobalSection
	GlobalSection(SolutionProperties) = preSolution
		HideSolutionNode = FALSE
	EndGlobalSection
	GlobalSection(ExtensibilityGlobals) = postSolution
		SolutionGuid = {51E929A5-8FB1-4841-84F5-DF7699AA5636}
	EndGlobalSection
EndGlobal
